
Microsoft Visual Studio Solution File, Format Version 12.00
# Visual Studio 15
VisualStudioVersion = 15.0.27130.2010
MinimumVisualStudioVersion = 10.0.40219.1
Project("{FAE04EC0-301F-11D3-BF4B-00C04F79EFBC}") = "CNMSWebAPI", "CNMSWebAPI\CNMSWebAPI.csproj", "{3CEAB7AD-999F-465A-89BD-57704879A555}"
EndProject
Project("{FAE04EC0-301F-11D3-BF4B-00C04F79EFBC}") = "CNMSDataAccess", "CNMSDataAccess\CNMSDataAccess.csproj", "{22B252E5-07EB-47BC-9297-FE9DF0D906BC}"
EndProject
Global
	GlobalSection(SolutionConfigurationPlatforms) = preSolution
		Debug|Any CPU = Debug|Any CPU
		Release|Any CPU = Release|Any CPU
	EndGlobalSection
	GlobalSection(ProjectConfigurationPlatforms) = postSolution
		{3CEAB7AD-999F-465A-89BD-57704879A555}.Debug|Any CPU.ActiveCfg = Debug|Any CPU
		{3CEAB7AD-999F-465A-89BD-57704879A555}.Debug|Any CPU.Build.0 = Debug|Any CPU
		{3CEAB7AD-999F-465A-89BD-57704879A555}.Release|Any CPU.ActiveCfg = Release|Any CPU
		{3CEAB7AD-999F-465A-89BD-57704879A555}.Release|Any CPU.Build.0 = Release|Any CPU
		{22B252E5-07EB-47BC-9297-FE9DF0D906BC}.Debug|Any CPU.ActiveCfg = Debug|Any CPU
		{22B252E5-07EB-47BC-9297-FE9DF0D906BC}.Debug|Any CPU.Build.0 = Debug|Any CPU
		{22B252E5-07EB-47BC-9297-FE9DF0D906BC}.Release|Any CPU.ActiveCfg = Release|Any CPU
		{22B252E5-07EB-47BC-9297-FE9DF0D906BC}.Release|Any CPU.Build.0 = Release|Any CPU
	EndGlobalSection
	GlobalSection(SolutionProperties) = preSolution
		HideSolutionNode = FALSE
	EndGlobalSection
	GlobalSection(ExtensibilityGlobals) = postSolution
		SolutionGuid = {A6C21BC8-5D57-40AC-9C1B-9CF7D9848C0C}
	EndGlobalSection
EndGlobal
